
Microsoft Visual Studio Solution File, Format Version 12.00
# Visual Studio Version 17
VisualStudioVersion = 17.9.34728.123
MinimumVisualStudioVersion = 10.0.40219.1
Project("{2150E333-8FDC-42A3-9474-1A3956D46DE8}") = "API", "API", "{E373D320-390B-4A3A-AD8C-1E983709AB84}"
EndProject
Project("{2150E333-8FDC-42A3-9474-1A3956D46DE8}") = "Domain", "Domain", "{2A10631F-2900-4533-AC64-83E5C9612ED0}"
EndProject
Project("{2150E333-8FDC-42A3-9474-1A3956D46DE8}") = "Infra", "Infra", "{BF88BE2A-DFBE-4891-96B6-A6AEB8F86CF6}"
EndProject
Project("{FAE04EC0-301F-11D3-BF4B-00C04F79EFBC}") = "BlogSimples.API", "BlogSimples.API\BlogSimples.API.csproj", "{AB9E38D9-40B3-4F6E-872E-A07C01DF2B22}"
EndProject
Project("{FAE04EC0-301F-11D3-BF4B-00C04F79EFBC}") = "BlogSimples.Domain", "BlogSimples.Domain\BlogSimples.Domain.csproj", "{A9E5E577-3546-412B-984D-6F30C93D87DE}"
EndProject
Project("{2150E333-8FDC-42A3-9474-1A3956D46DE8}") = "Data", "Data", "{B7654DD1-E3F6-4543-A3B8-37CD019A31E5}"
EndProject
Project("{2150E333-8FDC-42A3-9474-1A3956D46DE8}") = "CrossCutting", "CrossCutting", "{DE09CE8E-FDDC-4E48-AE6A-21D730B8BCC1}"
EndProject
Project("{FAE04EC0-301F-11D3-BF4B-00C04F79EFBC}") = "BlogSimples.Data", "BlogSimples.Data\BlogSimples.Data.csproj", "{2A8131F0-85B4-4F86-A276-82AFA400D091}"
EndProject
Project("{2150E333-8FDC-42A3-9474-1A3956D46DE8}") = "Identity", "Identity", "{ECAA335E-AE1A-4A2F-A292-C4BCA238FAC9}"
EndProject
Project("{2150E333-8FDC-42A3-9474-1A3956D46DE8}") = "IoC", "IoC", "{E9CA3702-6092-4699-8F13-FEE26879067E}"
EndProject
Project("{FAE04EC0-301F-11D3-BF4B-00C04F79EFBC}") = "BlogSimples.Identity", "BlogSimples.Identity\BlogSimples.Identity.csproj", "{9388FA92-C840-4F64-A8DF-6C6A63D7136F}"
EndProject
Project("{FAE04EC0-301F-11D3-BF4B-00C04F79EFBC}") = "BlogSimples.IoC", "BlogSimples.IoC\BlogSimples.IoC.csproj", "{90538596-B894-4675-ABFD-70DAA47C55C6}"
EndProject
Global
	GlobalSection(SolutionConfigurationPlatforms) = preSolution
		Debug|Any CPU = Debug|Any CPU
		Release|Any CPU = Release|Any CPU
	EndGlobalSection
	GlobalSection(ProjectConfigurationPlatforms) = postSolution
		{AB9E38D9-40B3-4F6E-872E-A07C01DF2B22}.Debug|Any CPU.ActiveCfg = Debug|Any CPU
		{AB9E38D9-40B3-4F6E-872E-A07C01DF2B22}.Debug|Any CPU.Build.0 = Debug|Any CPU
		{AB9E38D9-40B3-4F6E-872E-A07C01DF2B22}.Release|Any CPU.ActiveCfg = Release|Any CPU
		{AB9E38D9-40B3-4F6E-872E-A07C01DF2B22}.Release|Any CPU.Build.0 = Release|Any CPU
		{A9E5E577-3546-412B-984D-6F30C93D87DE}.Debug|Any CPU.ActiveCfg = Debug|Any CPU
		{A9E5E577-3546-412B-984D-6F30C93D87DE}.Debug|Any CPU.Build.0 = Debug|Any CPU
		{A9E5E577-3546-412B-984D-6F30C93D87DE}.Release|Any CPU.ActiveCfg = Release|Any CPU
		{A9E5E577-3546-412B-984D-6F30C93D87DE}.Release|Any CPU.Build.0 = Release|Any CPU
		{2A8131F0-85B4-4F86-A276-82AFA400D091}.Debug|Any CPU.ActiveCfg = Debug|Any CPU
		{2A8131F0-85B4-4F86-A276-82AFA400D091}.Debug|Any CPU.Build.0 = Debug|Any CPU
		{2A8131F0-85B4-4F86-A276-82AFA400D091}.Release|Any CPU.ActiveCfg = Release|Any CPU
		{2A8131F0-85B4-4F86-A276-82AFA400D091}.Release|Any CPU.Build.0 = Release|Any CPU
		{9388FA92-C840-4F64-A8DF-6C6A63D7136F}.Debug|Any CPU.ActiveCfg = Debug|Any CPU
		{9388FA92-C840-4F64-A8DF-6C6A63D7136F}.Debug|Any CPU.Build.0 = Debug|Any CPU
		{9388FA92-C840-4F64-A8DF-6C6A63D7136F}.Release|Any CPU.ActiveCfg = Release|Any CPU
		{9388FA92-C840-4F64-A8DF-6C6A63D7136F}.Release|Any CPU.Build.0 = Release|Any CPU
		{90538596-B894-4675-ABFD-70DAA47C55C6}.Debug|Any CPU.ActiveCfg = Debug|Any CPU
		{90538596-B894-4675-ABFD-70DAA47C55C6}.Debug|Any CPU.Build.0 = Debug|Any CPU
		{90538596-B894-4675-ABFD-70DAA47C55C6}.Release|Any CPU.ActiveCfg = Release|Any CPU
		{90538596-B894-4675-ABFD-70DAA47C55C6}.Release|Any CPU.Build.0 = Release|Any CPU
	EndGlobalSection
	GlobalSection(SolutionProperties) = preSolution
		HideSolutionNode = FALSE
	EndGlobalSection
	GlobalSection(NestedProjects) = preSolution
		{AB9E38D9-40B3-4F6E-872E-A07C01DF2B22} = {E373D320-390B-4A3A-AD8C-1E983709AB84}
		{A9E5E577-3546-412B-984D-6F30C93D87DE} = {2A10631F-2900-4533-AC64-83E5C9612ED0}
		{B7654DD1-E3F6-4543-A3B8-37CD019A31E5} = {BF88BE2A-DFBE-4891-96B6-A6AEB8F86CF6}
		{DE09CE8E-FDDC-4E48-AE6A-21D730B8BCC1} = {BF88BE2A-DFBE-4891-96B6-A6AEB8F86CF6}
		{2A8131F0-85B4-4F86-A276-82AFA400D091} = {B7654DD1-E3F6-4543-A3B8-37CD019A31E5}
		{ECAA335E-AE1A-4A2F-A292-C4BCA238FAC9} = {DE09CE8E-FDDC-4E48-AE6A-21D730B8BCC1}
		{E9CA3702-6092-4699-8F13-FEE26879067E} = {DE09CE8E-FDDC-4E48-AE6A-21D730B8BCC1}
		{9388FA92-C840-4F64-A8DF-6C6A63D7136F} = {ECAA335E-AE1A-4A2F-A292-C4BCA238FAC9}
		{90538596-B894-4675-ABFD-70DAA47C55C6} = {E9CA3702-6092-4699-8F13-FEE26879067E}
	EndGlobalSection
	GlobalSection(ExtensibilityGlobals) = postSolution
		SolutionGuid = {272BE5F6-2EBD-4238-BE84-074DE46F499B}
	EndGlobalSection
EndGlobal
